
Microsoft Visual Studio Solution File, Format Version 10.00
# Visual Studio 2008
Project("{FAE04EC0-301F-11D3-BF4B-00C04F79EFBC}") = "用cookie对象保存和读取客户端信息", "用cookie对象保存和读取客户端信息\用cookie对象保存和读取客户端信息.csproj", "{3745248B-02C5-438E-B379-A6A913D52A30}"
EndProject
Global
	GlobalSection(SolutionConfigurationPlatforms) = preSolution
		Debug|Any CPU = Debug|Any CPU
		Release|Any CPU = Release|Any CPU
	EndGlobalSection
	GlobalSection(ProjectConfigurationPlatforms) = postSolution
		{3745248B-02C5-438E-B379-A6A913D52A30}.Debug|Any CPU.ActiveCfg = Debug|Any CPU
		{3745248B-02C5-438E-B379-A6A913D52A30}.Debug|Any CPU.Build.0 = Debug|Any CPU
		{3745248B-02C5-438E-B379-A6A913D52A30}.Release|Any CPU.ActiveCfg = Release|Any CPU
		{3745248B-02C5-438E-B379-A6A913D52A30}.Release|Any CPU.Build.0 = Release|Any CPU
	EndGlobalSection
	GlobalSection(SolutionProperties) = preSolution
		HideSolutionNode = FALSE
	EndGlobalSection
EndGlobal
