
Microsoft Visual Studio Solution File, Format Version 10.00
# Visual Studio 2008
Project("{FAE04EC0-301F-11D3-BF4B-00C04F79EFBC}") = "Listbox控件选项的多选和单选操作", "Listbox控件选项的多选和单选操作\Listbox控件选项的多选和单选操作.csproj", "{69897FB1-9932-4BDA-A602-97510DBA1203}"
EndProject
Project("{FAE04EC0-301F-11D3-BF4B-00C04F79EFBC}") = "ListBox控件选项按钮的上移和下移操作", "ListBox控件选项按钮的上移和下移操作\ListBox控件选项按钮的上移和下移操作.csproj", "{FFCB6664-D0AC-4AC0-8BE5-5F97C9F9F4A5}"
EndProject
Global
	GlobalSection(SolutionConfigurationPlatforms) = preSolution
		Debug|Any CPU = Debug|Any CPU
		Release|Any CPU = Release|Any CPU
	EndGlobalSection
	GlobalSection(ProjectConfigurationPlatforms) = postSolution
		{69897FB1-9932-4BDA-A602-97510DBA1203}.Debug|Any CPU.ActiveCfg = Debug|Any CPU
		{69897FB1-9932-4BDA-A602-97510DBA1203}.Debug|Any CPU.Build.0 = Debug|Any CPU
		{69897FB1-9932-4BDA-A602-97510DBA1203}.Release|Any CPU.ActiveCfg = Release|Any CPU
		{69897FB1-9932-4BDA-A602-97510DBA1203}.Release|Any CPU.Build.0 = Release|Any CPU
		{FFCB6664-D0AC-4AC0-8BE5-5F97C9F9F4A5}.Debug|Any CPU.ActiveCfg = Debug|Any CPU
		{FFCB6664-D0AC-4AC0-8BE5-5F97C9F9F4A5}.Debug|Any CPU.Build.0 = Debug|Any CPU
		{FFCB6664-D0AC-4AC0-8BE5-5F97C9F9F4A5}.Release|Any CPU.ActiveCfg = Release|Any CPU
		{FFCB6664-D0AC-4AC0-8BE5-5F97C9F9F4A5}.Release|Any CPU.Build.0 = Release|Any CPU
	EndGlobalSection
	GlobalSection(SolutionProperties) = preSolution
		HideSolutionNode = FALSE
	EndGlobalSection
EndGlobal
