
Microsoft Visual Studio Solution File, Format Version 10.00
# Visual Studio 2008
Project("{FAE04EC0-301F-11D3-BF4B-00C04F79EFBC}") = "访问计数器", "访问计数器\访问计数器.csproj", "{726CB51C-50C9-4C7F-8821-64DACE4D2199}"
EndProject
Global
	GlobalSection(SolutionConfigurationPlatforms) = preSolution
		Debug|Any CPU = Debug|Any CPU
		Release|Any CPU = Release|Any CPU
	EndGlobalSection
	GlobalSection(ProjectConfigurationPlatforms) = postSolution
		{726CB51C-50C9-4C7F-8821-64DACE4D2199}.Debug|Any CPU.ActiveCfg = Debug|Any CPU
		{726CB51C-50C9-4C7F-8821-64DACE4D2199}.Debug|Any CPU.Build.0 = Debug|Any CPU
		{726CB51C-50C9-4C7F-8821-64DACE4D2199}.Release|Any CPU.ActiveCfg = Release|Any CPU
		{726CB51C-50C9-4C7F-8821-64DACE4D2199}.Release|Any CPU.Build.0 = Release|Any CPU
	EndGlobalSection
	GlobalSection(SolutionProperties) = preSolution
		HideSolutionNode = FALSE
	EndGlobalSection
EndGlobal
